
Microsoft Visual Studio Solution File, Format Version 12.00
# Visual Studio Version 17
VisualStudioVersion = 17.3.32901.215
MinimumVisualStudioVersion = 10.0.40219.1
Project("{FAE04EC0-301F-11D3-BF4B-00C04F79EFBC}") = "a02", "a02\a02.csproj", "{CD1E8485-00E0-4987-9B64-D704B33F085E}"
EndProject
Global
	GlobalSection(SolutionConfigurationPlatforms) = preSolution
		Debug|Any CPU = Debug|Any CPU
		Release|Any CPU = Release|Any CPU
	EndGlobalSection
	GlobalSection(ProjectConfigurationPlatforms) = postSolution
		{CD1E8485-00E0-4987-9B64-D704B33F085E}.Debug|Any CPU.ActiveCfg = Debug|Any CPU
		{CD1E8485-00E0-4987-9B64-D704B33F085E}.Debug|Any CPU.Build.0 = Debug|Any CPU
		{CD1E8485-00E0-4987-9B64-D704B33F085E}.Release|Any CPU.ActiveCfg = Release|Any CPU
		{CD1E8485-00E0-4987-9B64-D704B33F085E}.Release|Any CPU.Build.0 = Release|Any CPU
	EndGlobalSection
	GlobalSection(SolutionProperties) = preSolution
		HideSolutionNode = FALSE
	EndGlobalSection
	GlobalSection(ExtensibilityGlobals) = postSolution
		SolutionGuid = {F1180E3D-6BC7-4718-B4D4-0A39B8E1A103}
	EndGlobalSection
EndGlobal
